// !$*UTF8*$!
{
	archiveVersion = 1;
	classes = {
	};
	objectVersion = 50;
	objects = {

/* Begin PBXBuildFile section */
		F05648F127C446E1003D32F5 /* HomeViewModel.swift in Sources */ = {isa = PBXBuildFile; fileRef = F05648F027C446E1003D32F5 /* HomeViewModel.swift */; };
		F064E46927C3028000D5F17A /* SwiftfulCryptoApp.swift in Sources */ = {isa = PBXBuildFile; fileRef = F064E46827C3028000D5F17A /* SwiftfulCryptoApp.swift */; };
		F064E46B27C3028000D5F17A /* ContentView.swift in Sources */ = {isa = PBXBuildFile; fileRef = F064E46A27C3028000D5F17A /* ContentView.swift */; };
		F064E46D27C3028100D5F17A /* Assets.xcassets in Resources */ = {isa = PBXBuildFile; fileRef = F064E46C27C3028100D5F17A /* Assets.xcassets */; };
		F064E47027C3028100D5F17A /* Preview Assets.xcassets in Resources */ = {isa = PBXBuildFile; fileRef = F064E46F27C3028100D5F17A /* Preview Assets.xcassets */; };
		F064E47B27C3086900D5F17A /* Color.swift in Sources */ = {isa = PBXBuildFile; fileRef = F064E47A27C3086900D5F17A /* Color.swift */; };
		F064E48127C31DE600D5F17A /* HomeView.swift in Sources */ = {isa = PBXBuildFile; fileRef = F064E48027C31DE600D5F17A /* HomeView.swift */; };
		F064E48527C31E9E00D5F17A /* CircleButtonView.swift in Sources */ = {isa = PBXBuildFile; fileRef = F064E48427C31E9E00D5F17A /* CircleButtonView.swift */; };
		F064E48727C3351900D5F17A /* CircleButtonAnimationView.swift in Sources */ = {isa = PBXBuildFile; fileRef = F064E48627C3351900D5F17A /* CircleButtonAnimationView.swift */; };
		F0B4BC1627C3506A00814467 /* CoinModel.swift in Sources */ = {isa = PBXBuildFile; fileRef = F0B4BC1527C3506A00814467 /* CoinModel.swift */; };
		F0B4BC1827C3514200814467 /* CoinRowView.swift in Sources */ = {isa = PBXBuildFile; fileRef = F0B4BC1727C3514200814467 /* CoinRowView.swift */; };
		F0B4BC1A27C351D800814467 /* PreviewProvider.swift in Sources */ = {isa = PBXBuildFile; fileRef = F0B4BC1927C351D800814467 /* PreviewProvider.swift */; };
		F0B4BC1C27C3549600814467 /* Double.swift in Sources */ = {isa = PBXBuildFile; fileRef = F0B4BC1B27C3549600814467 /* Double.swift */; };
/* End PBXBuildFile section */

/* Begin PBXFileReference section */
		F05648F027C446E1003D32F5 /* HomeViewModel.swift */ = {isa = PBXFileReference; lastKnownFileType = sourcecode.swift; name = HomeViewModel.swift; path = SwiftfulCrypto/Extensions/HomeViewModel.swift; sourceTree = SOURCE_ROOT; };
		F064E46527C3028000D5F17A /* SwiftfulCrypto.app */ = {isa = PBXFileReference; explicitFileType = wrapper.application; includeInIndex = 0; path = SwiftfulCrypto.app; sourceTree = BUILT_PRODUCTS_DIR; };
		F064E46827C3028000D5F17A /* SwiftfulCryptoApp.swift */ = {isa = PBXFileReference; lastKnownFileType = sourcecode.swift; path = SwiftfulCryptoApp.swift; sourceTree = "<group>"; };
		F064E46A27C3028000D5F17A /* ContentView.swift */ = {isa = PBXFileReference; lastKnownFileType = sourcecode.swift; path = ContentView.swift; sourceTree = "<group>"; };
		F064E46C27C3028100D5F17A /* Assets.xcassets */ = {isa = PBXFileReference; lastKnownFileType = folder.assetcatalog; path = Assets.xcassets; sourceTree = "<group>"; };
		F064E46F27C3028100D5F17A /* Preview Assets.xcassets */ = {isa = PBXFileReference; lastKnownFileType = folder.assetcatalog; path = "Preview Assets.xcassets"; sourceTree = "<group>"; };
		F064E47127C3028100D5F17A /* Info.plist */ = {isa = PBXFileReference; lastKnownFileType = text.plist.xml; path = Info.plist; sourceTree = "<group>"; };
		F064E47A27C3086900D5F17A /* Color.swift */ = {isa = PBXFileReference; lastKnownFileType = sourcecode.swift; path = Color.swift; sourceTree = "<group>"; };
		F064E48027C31DE600D5F17A /* HomeView.swift */ = {isa = PBXFileReference; lastKnownFileType = sourcecode.swift; path = HomeView.swift; sourceTree = "<group>"; };
		F064E48427C31E9E00D5F17A /* CircleButtonView.swift */ = {isa = PBXFileReference; lastKnownFileType = sourcecode.swift; path = CircleButtonView.swift; sourceTree = "<group>"; };
		F064E48627C3351900D5F17A /* CircleButtonAnimationView.swift */ = {isa = PBXFileReference; lastKnownFileType = sourcecode.swift; path = CircleButtonAnimationView.swift; sourceTree = "<group>"; };
		F0B4BC1527C3506A00814467 /* CoinModel.swift */ = {isa = PBXFileReference; lastKnownFileType = sourcecode.swift; path = CoinModel.swift; sourceTree = "<group>"; };
		F0B4BC1727C3514200814467 /* CoinRowView.swift */ = {isa = PBXFileReference; lastKnownFileType = sourcecode.swift; path = CoinRowView.swift; sourceTree = "<group>"; };
		F0B4BC1927C351D800814467 /* PreviewProvider.swift */ = {isa = PBXFileReference; lastKnownFileType = sourcecode.swift; path = PreviewProvider.swift; sourceTree = "<group>"; };
		F0B4BC1B27C3549600814467 /* Double.swift */ = {isa = PBXFileReference; lastKnownFileType = sourcecode.swift; path = Double.swift; sourceTree = "<group>"; };
/* End PBXFileReference section */

/* Begin PBXFrameworksBuildPhase section */
		F064E46227C3028000D5F17A /* Frameworks */ = {
			isa = PBXFrameworksBuildPhase;
			buildActionMask = 2147483647;
			files = (
			);
			runOnlyForDeploymentPostprocessing = 0;
		};
/* End PBXFrameworksBuildPhase section */

/* Begin PBXGroup section */
		F064E45C27C3028000D5F17A = {
			isa = PBXGroup;
			children = (
				F064E46727C3028000D5F17A /* SwiftfulCrypto */,
				F064E46627C3028000D5F17A /* Products */,
			);
			sourceTree = "<group>";
		};
		F064E46627C3028000D5F17A /* Products */ = {
			isa = PBXGroup;
			children = (
				F064E46527C3028000D5F17A /* SwiftfulCrypto.app */,
			);
			name = Products;
			sourceTree = "<group>";
		};
		F064E46727C3028000D5F17A /* SwiftfulCrypto */ = {
			isa = PBXGroup;
			children = (
				F064E46827C3028000D5F17A /* SwiftfulCryptoApp.swift */,
				F064E47927C3085B00D5F17A /* Extensions */,
				F0B4BC1427C3505300814467 /* Models */,
				F064E47C27C31D8500D5F17A /* Core */,
				F064E46A27C3028000D5F17A /* ContentView.swift */,
				F064E46C27C3028100D5F17A /* Assets.xcassets */,
				F064E47127C3028100D5F17A /* Info.plist */,
				F064E46E27C3028100D5F17A /* Preview Content */,
			);
			path = SwiftfulCrypto;
			sourceTree = "<group>";
		};
		F064E46E27C3028100D5F17A /* Preview Content */ = {
			isa = PBXGroup;
			children = (
				F064E46F27C3028100D5F17A /* Preview Assets.xcassets */,
			);
			path = "Preview Content";
			sourceTree = "<group>";
		};
		F064E47927C3085B00D5F17A /* Extensions */ = {
			isa = PBXGroup;
			children = (
				F064E47A27C3086900D5F17A /* Color.swift */,
				F0B4BC1927C351D800814467 /* PreviewProvider.swift */,
				F0B4BC1B27C3549600814467 /* Double.swift */,
			);
			path = Extensions;
			sourceTree = "<group>";
		};
		F064E47C27C31D8500D5F17A /* Core */ = {
			isa = PBXGroup;
			children = (
				F064E48227C31E8400D5F17A /* Components */,
				F064E47D27C31D9000D5F17A /* Home */,
			);
			path = Core;
			sourceTree = "<group>";
		};
		F064E47D27C31D9000D5F17A /* Home */ = {
			isa = PBXGroup;
			children = (
				F064E47F27C31D9D00D5F17A /* ViewModels */,
				F064E47E27C31D9900D5F17A /* Views */,
			);
			path = Home;
			sourceTree = "<group>";
		};
		F064E47E27C31D9900D5F17A /* Views */ = {
			isa = PBXGroup;
			children = (
				F064E48027C31DE600D5F17A /* HomeView.swift */,
				F0B4BC1727C3514200814467 /* CoinRowView.swift */,
			);
			path = Views;
			sourceTree = "<group>";
		};
		F064E47F27C31D9D00D5F17A /* ViewModels */ = {
			isa = PBXGroup;
			children = (
				F05648F027C446E1003D32F5 /* HomeViewModel.swift */,
			);
			path = ViewModels;
			sourceTree = "<group>";
		};
		F064E48227C31E8400D5F17A /* Components */ = {
			isa = PBXGroup;
			children = (
				F064E48327C31E9400D5F17A /* CircleButton */,
			);
			path = Components;
			sourceTree = "<group>";
		};
		F064E48327C31E9400D5F17A /* CircleButton */ = {
			isa = PBXGroup;
			children = (
				F064E48427C31E9E00D5F17A /* CircleButtonView.swift */,
				F064E48627C3351900D5F17A /* CircleButtonAnimationView.swift */,
			);
			path = CircleButton;
			sourceTree = "<group>";
		};
		F0B4BC1427C3505300814467 /* Models */ = {
			isa = PBXGroup;
			children = (
				F0B4BC1527C3506A00814467 /* CoinModel.swift */,
			);
			name = Models;
			path = Extensions/Models;
			sourceTree = "<group>";
		};
/* End PBXGroup section */

/* Begin PBXNativeTarget section */
		F064E46427C3028000D5F17A /* SwiftfulCrypto */ = {
			isa = PBXNativeTarget;
			buildConfigurationList = F064E47427C3028100D5F17A /* Build configuration list for PBXNativeTarget "SwiftfulCrypto" */;
			buildPhases = (
				F064E46127C3028000D5F17A /* Sources */,
				F064E46227C3028000D5F17A /* Frameworks */,
				F064E46327C3028000D5F17A /* Resources */,
			);
			buildRules = (
			);
			dependencies = (
			);
			name = SwiftfulCrypto;
			productName = SwiftfulCrypto;
			productReference = F064E46527C3028000D5F17A /* SwiftfulCrypto.app */;
			productType = "com.apple.product-type.application";
		};
/* End PBXNativeTarget section */

/* Begin PBXProject section */
		F064E45D27C3028000D5F17A /* Project object */ = {
			isa = PBXProject;
			attributes = {
				LastSwiftUpdateCheck = 1250;
				LastUpgradeCheck = 1250;
				TargetAttributes = {
					F064E46427C3028000D5F17A = {
						CreatedOnToolsVersion = 12.5.1;
					};
				};
			};
			buildConfigurationList = F064E46027C3028000D5F17A /* Build configuration list for PBXProject "SwiftfulCrypto" */;
			compatibilityVersion = "Xcode 9.3";
			developmentRegion = en;
			hasScannedForEncodings = 0;
			knownRegions = (
				en,
				Base,
			);
			mainGroup = F064E45C27C3028000D5F17A;
			productRefGroup = F064E46627C3028000D5F17A /* Products */;
			projectDirPath = "";
			projectRoot = "";
			targets = (
				F064E46427C3028000D5F17A /* SwiftfulCrypto */,
			);
		};
/* End PBXProject section */

/* Begin PBXResourcesBuildPhase section */
		F064E46327C3028000D5F17A /* Resources */ = {
			isa = PBXResourcesBuildPhase;
			buildActionMask = 2147483647;
			files = (
				F064E47027C3028100D5F17A /* Preview Assets.xcassets in Resources */,
				F064E46D27C3028100D5F17A /* Assets.xcassets in Resources */,
			);
			runOnlyForDeploymentPostprocessing = 0;
		};
/* End PBXResourcesBuildPhase section */

/* Begin PBXSourcesBuildPhase section */
		F064E46127C3028000D5F17A /* Sources */ = {
			isa = PBXSourcesBuildPhase;
			buildActionMask = 2147483647;
			files = (
				F0B4BC1827C3514200814467 /* CoinRowView.swift in Sources */,
				F05648F127C446E1003D32F5 /* HomeViewModel.swift in Sources */,
				F064E46B27C3028000D5F17A /* ContentView.swift in Sources */,
				F064E48127C31DE600D5F17A /* HomeView.swift in Sources */,
				F064E46927C3028000D5F17A /* SwiftfulCryptoApp.swift in Sources */,
				F064E48527C31E9E00D5F17A /* CircleButtonView.swift in Sources */,
				F064E47B27C3086900D5F17A /* Color.swift in Sources */,
				F064E48727C3351900D5F17A /* CircleButtonAnimationView.swift in Sources */,
				F0B4BC1A27C351D800814467 /* PreviewProvider.swift in Sources */,
				F0B4BC1C27C3549600814467 /* Double.swift in Sources */,
				F0B4BC1627C3506A00814467 /* CoinModel.swift in Sources */,
			);
			runOnlyForDeploymentPostprocessing = 0;
		};
/* End PBXSourcesBuildPhase section */

/* Begin XCBuildConfiguration section */
		F064E47227C3028100D5F17A /* Debug */ = {
			isa = XCBuildConfiguration;
			buildSettings = {
				ALWAYS_SEARCH_USER_PATHS = NO;
				CLANG_ANALYZER_NONNULL = YES;
				CLANG_ANALYZER_NUMBER_OBJECT_CONVERSION = YES_AGGRESSIVE;
				CLANG_CXX_LANGUAGE_STANDARD = "gnu++14";
				CLANG_CXX_LIBRARY = "libc++";
				CLANG_ENABLE_MODULES = YES;
				CLANG_ENABLE_OBJC_ARC = YES;
				CLANG_ENABLE_OBJC_WEAK = YES;
				CLANG_WARN_BLOCK_CAPTURE_AUTORELEASING = YES;
				CLANG_WARN_BOOL_CONVERSION = YES;
				CLANG_WARN_COMMA = YES;
				CLANG_WARN_CONSTANT_CONVERSION = YES;
				CLANG_WARN_DEPRECATED_OBJC_IMPLEMENTATIONS = YES;
				CLANG_WARN_DIRECT_OBJC_ISA_USAGE = YES_ERROR;
				CLANG_WARN_DOCUMENTATION_COMMENTS = YES;
				CLANG_WARN_EMPTY_BODY = YES;
				CLANG_WARN_ENUM_CONVERSION = YES;
				CLANG_WARN_INFINITE_RECURSION = YES;
				CLANG_WARN_INT_CONVERSION = YES;
				CLANG_WARN_NON_LITERAL_NULL_CONVERSION = YES;
				CLANG_WARN_OBJC_IMPLICIT_RETAIN_SELF = YES;
				CLANG_WARN_OBJC_LITERAL_CONVERSION = YES;
				CLANG_WARN_OBJC_ROOT_CLASS = YES_ERROR;
				CLANG_WARN_QUOTED_INCLUDE_IN_FRAMEWORK_HEADER = YES;
				CLANG_WARN_RANGE_LOOP_ANALYSIS = YES;
				CLANG_WARN_STRICT_PROTOTYPES = YES;
				CLANG_WARN_SUSPICIOUS_MOVE = YES;
				CLANG_WARN_UNGUARDED_AVAILABILITY = YES_AGGRESSIVE;
				CLANG_WARN_UNREACHABLE_CODE = YES;
				CLANG_WARN__DUPLICATE_METHOD_MATCH = YES;
				COPY_PHASE_STRIP = NO;
				DEBUG_INFORMATION_FORMAT = dwarf;
				ENABLE_STRICT_OBJC_MSGSEND = YES;
				ENABLE_TESTABILITY = YES;
				GCC_C_LANGUAGE_STANDARD = gnu11;
				GCC_DYNAMIC_NO_PIC = NO;
				GCC_NO_COMMON_BLOCKS = YES;
				GCC_OPTIMIZATION_LEVEL = 0;
				GCC_PREPROCESSOR_DEFINITIONS = (
					"DEBUG=1",
					"$(inherited)",
				);
				GCC_WARN_64_TO_32_BIT_CONVERSION = YES;
				GCC_WARN_ABOUT_RETURN_TYPE = YES_ERROR;
				GCC_WARN_UNDECLARED_SELECTOR = YES;
				GCC_WARN_UNINITIALIZED_AUTOS = YES_AGGRESSIVE;
				GCC_WARN_UNUSED_FUNCTION = YES;
				GCC_WARN_UNUSED_VARIABLE = YES;
				IPHONEOS_DEPLOYMENT_TARGET = 14.5;
				MTL_ENABLE_DEBUG_INFO = INCLUDE_SOURCE;
				MTL_FAST_MATH = YES;
				ONLY_ACTIVE_ARCH = YES;
				SDKROOT = iphoneos;
				SWIFT_ACTIVE_COMPILATION_CONDITIONS = DEBUG;
				SWIFT_OPTIMIZATION_LEVEL = "-Onone";
			};
			name = Debug;
		};
		F064E47327C3028100D5F17A /* Release */ = {
			isa = XCBuildConfiguration;
			buildSettings = {
				ALWAYS_SEARCH_USER_PATHS = NO;
				CLANG_ANALYZER_NONNULL = YES;
				CLANG_ANALYZER_NUMBER_OBJECT_CONVERSION = YES_AGGRESSIVE;
				CLANG_CXX_LANGUAGE_STANDARD = "gnu++14";
				CLANG_CXX_LIBRARY = "libc++";
				CLANG_ENABLE_MODULES = YES;
				CLANG_ENABLE_OBJC_ARC = YES;
				CLANG_ENABLE_OBJC_WEAK = YES;
				CLANG_WARN_BLOCK_CAPTURE_AUTORELEASING = YES;
				CLANG_WARN_BOOL_CONVERSION = YES;
				CLANG_WARN_COMMA = YES;
				CLANG_WARN_CONSTANT_CONVERSION = YES;
				CLANG_WARN_DEPRECATED_OBJC_IMPLEMENTATIONS = YES;
				CLANG_WARN_DIRECT_OBJC_ISA_USAGE = YES_ERROR;
				CLANG_WARN_DOCUMENTATION_COMMENTS = YES;
				CLANG_WARN_EMPTY_BODY = YES;
				CLANG_WARN_ENUM_CONVERSION = YES;
				CLANG_WARN_INFINITE_RECURSION = YES;
				CLANG_WARN_INT_CONVERSION = YES;
				CLANG_WARN_NON_LITERAL_NULL_CONVERSION = YES;
				CLANG_WARN_OBJC_IMPLICIT_RETAIN_SELF = YES;
				CLANG_WARN_OBJC_LITERAL_CONVERSION = YES;
				CLANG_WARN_OBJC_ROOT_CLASS = YES_ERROR;
				CLANG_WARN_QUOTED_INCLUDE_IN_FRAMEWORK_HEADER = YES;
				CLANG_WARN_RANGE_LOOP_ANALYSIS = YES;
				CLANG_WARN_STRICT_PROTOTYPES = YES;
				CLANG_WARN_SUSPICIOUS_MOVE = YES;
				CLANG_WARN_UNGUARDED_AVAILABILITY = YES_AGGRESSIVE;
				CLANG_WARN_UNREACHABLE_CODE = YES;
				CLANG_WARN__DUPLICATE_METHOD_MATCH = YES;
				COPY_PHASE_STRIP = NO;
				DEBUG_INFORMATION_FORMAT = "dwarf-with-dsym";
				ENABLE_NS_ASSERTIONS = NO;
				ENABLE_STRICT_OBJC_MSGSEND = YES;
				GCC_C_LANGUAGE_STANDARD = gnu11;
				GCC_NO_COMMON_BLOCKS = YES;
				GCC_WARN_64_TO_32_BIT_CONVERSION = YES;
				GCC_WARN_ABOUT_RETURN_TYPE = YES_ERROR;
				GCC_WARN_UNDECLARED_SELECTOR = YES;
				GCC_WARN_UNINITIALIZED_AUTOS = YES_AGGRESSIVE;
				GCC_WARN_UNUSED_FUNCTION = YES;
				GCC_WARN_UNUSED_VARIABLE = YES;
				IPHONEOS_DEPLOYMENT_TARGET = 14.5;
				MTL_ENABLE_DEBUG_INFO = NO;
				MTL_FAST_MATH = YES;
				SDKROOT = iphoneos;
				SWIFT_COMPILATION_MODE = wholemodule;
				SWIFT_OPTIMIZATION_LEVEL = "-O";
				VALIDATE_PRODUCT = YES;
			};
			name = Release;
		};
		F064E47527C3028100D5F17A /* Debug */ = {
			isa = XCBuildConfiguration;
			buildSettings = {
				ASSETCATALOG_COMPILER_APPICON_NAME = AppIcon;
				ASSETCATALOG_COMPILER_GLOBAL_ACCENT_COLOR_NAME = AccentColor;
				CODE_SIGN_STYLE = Automatic;
				DEVELOPMENT_ASSET_PATHS = "\"SwiftfulCrypto/Preview Content\"";
				DEVELOPMENT_TEAM = D892J442TF;
				ENABLE_PREVIEWS = YES;
				INFOPLIST_FILE = SwiftfulCrypto/Info.plist;
				IPHONEOS_DEPLOYMENT_TARGET = 14.0;
				LD_RUNPATH_SEARCH_PATHS = (
					"$(inherited)",
					"@executable_path/Frameworks",
				);
				PRODUCT_BUNDLE_IDENTIFIER = "com.caroline-davis.SwiftfulCrypto";
				PRODUCT_NAME = "$(TARGET_NAME)";
				SWIFT_VERSION = 5.0;
				TARGETED_DEVICE_FAMILY = "1,2";
			};
			name = Debug;
		};
		F064E47627C3028100D5F17A /* Release */ = {
			isa = XCBuildConfiguration;
			buildSettings = {
				ASSETCATALOG_COMPILER_APPICON_NAME = AppIcon;
				ASSETCATALOG_COMPILER_GLOBAL_ACCENT_COLOR_NAME = AccentColor;
				CODE_SIGN_STYLE = Automatic;
				DEVELOPMENT_ASSET_PATHS = "\"SwiftfulCrypto/Preview Content\"";
				DEVELOPMENT_TEAM = D892J442TF;
				ENABLE_PREVIEWS = YES;
				INFOPLIST_FILE = SwiftfulCrypto/Info.plist;
				IPHONEOS_DEPLOYMENT_TARGET = 14.0;
				LD_RUNPATH_SEARCH_PATHS = (
					"$(inherited)",
					"@executable_path/Frameworks",
				);
				PRODUCT_BUNDLE_IDENTIFIER = "com.caroline-davis.SwiftfulCrypto";
				PRODUCT_NAME = "$(TARGET_NAME)";
				SWIFT_VERSION = 5.0;
				TARGETED_DEVICE_FAMILY = "1,2";
			};
			name = Release;
		};
/* End XCBuildConfiguration section */

/* Begin XCConfigurationList section */
		F064E46027C3028000D5F17A /* Build configuration list for PBXProject "SwiftfulCrypto" */ = {
			isa = XCConfigurationList;
			buildConfigurations = (
				F064E47227C3028100D5F17A /* Debug */,
				F064E47327C3028100D5F17A /* Release */,
			);
			defaultConfigurationIsVisible = 0;
			defaultConfigurationName = Release;
		};
		F064E47427C3028100D5F17A /* Build configuration list for PBXNativeTarget "SwiftfulCrypto" */ = {
			isa = XCConfigurationList;
			buildConfigurations = (
				F064E47527C3028100D5F17A /* Debug */,
				F064E47627C3028100D5F17A /* Release */,
			);
			defaultConfigurationIsVisible = 0;
			defaultConfigurationName = Release;
		};
/* End XCConfigurationList section */
	};
	rootObject = F064E45D27C3028000D5F17A /* Project object */;
}
